<?xml version="1.0" encoding="UTF-8"?>
<Scheme
   LastUpgradeVersion = "1340"
   version = "1.3">
   <BuildAction
      parallelizeBuildables = "YES"
      buildImplicitDependencies = "YES">
      <BuildActionEntries>
         <BuildActionEntry
            buildForTesting = "YES"
            buildForRunning = "YES"
            buildForProfiling = "YES"
            buildForArchiving = "YES"
            buildForAnalyzing = "YES">
            <BuildableReference
               BuildableIdentifier = "primary"
               BlueprintIdentifier = "ImportCorrector"
               BuildableName = "ImportCorrector"
               BlueprintName = "ImportCorrector"
               ReferencedContainer = "container:">
            </BuildableReference>
         </BuildActionEntry>
         <BuildActionEntry
            buildForTesting = "YES"
            buildForRunning = "YES"
            buildForProfiling = "NO"
            buildForArchiving = "NO"
            buildForAnalyzing = "YES">
            <BuildableReference
               BuildableIdentifier = "primary"
               BlueprintIdentifier = "ImportCorrectorTests"
               BuildableName = "ImportCorrectorTests"
               BlueprintName = "ImportCorrectorTests"
               ReferencedContainer = "container:">
            </BuildableReference>
         </BuildActionEntry>
      </BuildActionEntries>
   </BuildAction>
   <TestAction
      buildConfiguration = "Debug"
      selectedDebuggerIdentifier = "Xcode.DebuggerFoundation.Debugger.LLDB"
      selectedLauncherIdentifier = "Xcode.DebuggerFoundation.Launcher.LLDB"
      shouldUseLaunchSchemeArgsEnv = "YES">
      <Testables>
         <TestableReference
            skipped = "NO">
            <BuildableReference
               BuildableIdentifier = "primary"
               BlueprintIdentifier = "ImportCorrectorTests"
               BuildableName = "ImportCorrectorTests"
               BlueprintName = "ImportCorrectorTests"
               ReferencedContainer = "container:">
            </BuildableReference>
         </TestableReference>
      </Testables>
   </TestAction>
   <LaunchAction
      buildConfiguration = "Debug"
      selectedDebuggerIdentifier = "Xcode.DebuggerFoundation.Debugger.LLDB"
      selectedLauncherIdentifier = "Xcode.DebuggerFoundation.Launcher.LLDB"
      launchStyle = "0"
      useCustomWorkingDirectory = "NO"
      ignoresPersistentStateOnLaunch = "NO"
      debugDocumentVersioning = "YES"
      debugServiceExtension = "internal"
      allowLocationSimulation = "YES">
      <BuildableProductRunnable
         runnableDebuggingMode = "0">
         <BuildableReference
            BuildableIdentifier = "primary"
            BlueprintIdentifier = "ImportCorrector"
            BuildableName = "ImportCorrector"
            BlueprintName = "ImportCorrector"
            ReferencedContainer = "container:">
         </BuildableReference>
      </BuildableProductRunnable>
      <CommandLineArguments>
         <CommandLineArgument
            argument = "project /Users/weigege/Desktop/Projects/XMDisney"
            isEnabled = "NO">
         </CommandLineArgument>
         <CommandLineArgument
            argument = "dirs /Users/weigege/Desktop/Projects/XMDisney"
            isEnabled = "NO">
         </CommandLineArgument>
         <CommandLineArgument
            argument = "-h /Users/weigege/Desktop/Projects/XMDisney/Pods/Headers/Public"
            isEnabled = "NO">
         </CommandLineArgument>
         <CommandLineArgument
            argument = "podfile /Users/weigege/Desktop/Projects/XMDisney/Podfile"
            isEnabled = "YES">
         </CommandLineArgument>
         <CommandLineArgument
            argument = "-d XMDependPods XMThirdParty"
            isEnabled = "YES">
         </CommandLineArgument>
         <CommandLineArgument
            argument = "-m XMDisney"
            isEnabled = "YES">
         </CommandLineArgument>
         <CommandLineArgument
            argument = "-b  /Users/weigege/Desktop/Temp/Build\ XMDisney_2022-07-15T22-38-34.txt"
            isEnabled = "YES">
         </CommandLineArgument>
         <CommandLineArgument
            argument = "-o  /Users/weigege/Desktop/Temp/output.txt"
            isEnabled = "YES">
         </CommandLineArgument>
         <CommandLineArgument
            argument = "-l"
            isEnabled = "YES">
         </CommandLineArgument>
         <CommandLineArgument
            argument = "-t"
            isEnabled = "NO">
         </CommandLineArgument>
      </CommandLineArguments>
   </LaunchAction>
   <ProfileAction
      buildConfiguration = "Release"
      shouldUseLaunchSchemeArgsEnv = "YES"
      savedToolIdentifier = ""
      useCustomWorkingDirectory = "NO"
      debugDocumentVersioning = "YES">
      <BuildableProductRunnable
         runnableDebuggingMode = "0">
         <BuildableReference
            BuildableIdentifier = "primary"
            BlueprintIdentifier = "ImportCorrector"
            BuildableName = "ImportCorrector"
            BlueprintName = "ImportCorrector"
            ReferencedContainer = "container:">
         </BuildableReference>
      </BuildableProductRunnable>
   </ProfileAction>
   <AnalyzeAction
      buildConfiguration = "Debug">
   </AnalyzeAction>
   <ArchiveAction
      buildConfiguration = "Release"
      revealArchiveInOrganizer = "YES">
   </ArchiveAction>
</Scheme>
